
Microsoft Visual Studio Solution File, Format Version 12.00
# Visual Studio Version 17
VisualStudioVersion = 17.10.35027.167
MinimumVisualStudioVersion = 10.0.40219.1
Project("{FAE04EC0-301F-11D3-BF4B-00C04F79EFBC}") = "Metatrader4", "Metatrader4\Metatrader4.csproj", "{2710E098-01B4-4A2A-AA8C-6F3D22266752}"
EndProject
Global
	GlobalSection(SolutionConfigurationPlatforms) = preSolution
		Debug|Any CPU = Debug|Any CPU
		Release|Any CPU = Release|Any CPU
	EndGlobalSection
	GlobalSection(ProjectConfigurationPlatforms) = postSolution
		{2710E098-01B4-4A2A-AA8C-6F3D22266752}.Debug|Any CPU.ActiveCfg = Debug|Any CPU
		{2710E098-01B4-4A2A-AA8C-6F3D22266752}.Debug|Any CPU.Build.0 = Debug|Any CPU
		{2710E098-01B4-4A2A-AA8C-6F3D22266752}.Release|Any CPU.ActiveCfg = Release|Any CPU
		{2710E098-01B4-4A2A-AA8C-6F3D22266752}.Release|Any CPU.Build.0 = Release|Any CPU
	EndGlobalSection
	GlobalSection(SolutionProperties) = preSolution
		HideSolutionNode = FALSE
	EndGlobalSection
	GlobalSection(ExtensibilityGlobals) = postSolution
		SolutionGuid = {1B6099C7-E22A-4F42-89F5-3E5CD405965F}
	EndGlobalSection
EndGlobal
